PODS:
  - NSHyperLabelSwift (0.1.1)

DEPENDENCIES:
  - NSHyperLabelSwift (from `../`)

EXTERNAL SOURCES:
  NSHyperLabelSwift:
    :path: ../

SPEC CHECKSUMS:
  NSHyperLabelSwift: 87539d078f940fb5238388b734ad372a69c0a514

PODFILE CHECKSUM: ff648adb915e14780aea75f78c106f99d6cc1c25

COCOAPODS: 1.1.0.rc.1
